
Microsoft Visual Studio Solution File, Format Version 12.00
# Visual Studio Version 16
VisualStudioVersion = 16.0.31019.35
MinimumVisualStudioVersion = 10.0.40219.1
Project("{2150E333-8FDC-42A3-9474-1A3956D46DE8}") = "List", "List", "{16464A41-86BB-407E-B5EA-4A2F264FB19B}"
EndProject
Project("{8BC9CEB8-8B4A-11D0-8D11-00A0C91BC942}") = "SqList", "List\SqList\SqList.vcxproj", "{B1D9961E-8755-4D3F-BBD7-183525014A71}"
EndProject
Project("{8BC9CEB8-8B4A-11D0-8D11-00A0C91BC942}") = "LinkedList", "List\LinkedList\LinkedList.vcxproj", "{D1CAF850-2217-4849-9934-4E41605B844C}"
EndProject
Project("{8BC9CEB8-8B4A-11D0-8D11-00A0C91BC942}") = "SqStack", "List\Stack\Stack.vcxproj", "{26EB9B10-4F7E-438D-9A00-DE643C380E6E}"
EndProject
Project("{8BC9CEB8-8B4A-11D0-8D11-00A0C91BC942}") = "LinkStack", "List\LinkStack\LinkStack.vcxproj", "{5A82C4C7-257D-446B-8C07-204CDAFF3ADA}"
EndProject
Project("{8BC9CEB8-8B4A-11D0-8D11-00A0C91BC942}") = "Recursion", "List\Recursion\Recursion.vcxproj", "{05B7C1EA-841D-4189-9445-5E18BEF15EE4}"
EndProject
Project("{8BC9CEB8-8B4A-11D0-8D11-00A0C91BC942}") = "LinkQueue", "List\LinkQueue\LinkQueue.vcxproj", "{06D63A37-6812-4BBB-8AF3-FBE01D681F64}"
EndProject
Project("{2150E333-8FDC-42A3-9474-1A3956D46DE8}") = "Tree", "Tree", "{A2405E12-B754-46F3-8D5A-7EA28FFD8E98}"
EndProject
Project("{2150E333-8FDC-42A3-9474-1A3956D46DE8}") = "Map", "Map", "{50F0E29C-2D26-4DEE-AB19-ED442E7891BF}"
EndProject
Project("{2150E333-8FDC-42A3-9474-1A3956D46DE8}") = "Sort", "Sort", "{2E555A94-CB95-4DB8-98C9-6E3A72545330}"
EndProject
Project("{2150E333-8FDC-42A3-9474-1A3956D46DE8}") = "Find", "Find", "{6FDEB8D9-7C92-4911-B132-57000EF2A0C4}"
EndProject
Project("{8BC9CEB8-8B4A-11D0-8D11-00A0C91BC942}") = "AdjacencyMatrix", "Map\AdjacencyMatrix\AdjacencyMatrix.vcxproj", "{B744F51C-16F7-4B8F-9282-8066AA535EDA}"
EndProject
Project("{8BC9CEB8-8B4A-11D0-8D11-00A0C91BC942}") = "AdjacencyList", "Map\AdjacencyList\AdjacencyList.vcxproj", "{5938CC8D-9395-46B8-BBF1-70654CE53D7E}"
EndProject
Project("{8BC9CEB8-8B4A-11D0-8D11-00A0C91BC942}") = "sort", "Sort\main\main.vcxproj", "{0D00D14C-82C8-46EC-AE92-C0FA69C082CA}"
EndProject
Project("{8BC9CEB8-8B4A-11D0-8D11-00A0C91BC942}") = "find", "Find\main\main.vcxproj", "{0C9C5745-BC50-4CCB-B084-70A211E47F02}"
EndProject
Project("{8BC9CEB8-8B4A-11D0-8D11-00A0C91BC942}") = "BinaryTree", "Tree\BinaryTree\BinaryTree.vcxproj", "{7499F5D2-775B-4639-9538-8422B422E8E6}"
EndProject
Project("{8BC9CEB8-8B4A-11D0-8D11-00A0C91BC942}") = "AVL", "Tree\AVL\AVL.vcxproj", "{F1A9E07A-B218-45B5-BCD8-37DB4AB57158}"
EndProject
Project("{8BC9CEB8-8B4A-11D0-8D11-00A0C91BC942}") = "Hash", "Find\Hash\Hash.vcxproj", "{ACD42A26-6E32-4139-957C-26D959D7ED97}"
EndProject
Project("{8BC9CEB8-8B4A-11D0-8D11-00A0C91BC942}") = "String", "List\String\String.vcxproj", "{C7C36950-F63F-40CD-A546-2967369144DD}"
EndProject
Project("{8BC9CEB8-8B4A-11D0-8D11-00A0C91BC942}") = "PriorityQueue", "Tree\PriorityQueue\PriorityQueue.vcxproj", "{FFAB3EF6-FD0D-4F05-96CA-4931F48F4E88}"
EndProject
Global
	GlobalSection(SolutionConfigurationPlatforms) = preSolution
		Debug|x64 = Debug|x64
		Debug|x86 = Debug|x86
		Release|x64 = Release|x64
		Release|x86 = Release|x86
	EndGlobalSection
	GlobalSection(ProjectConfigurationPlatforms) = postSolution
		{B1D9961E-8755-4D3F-BBD7-183525014A71}.Debug|x64.ActiveCfg = Debug|x64
		{B1D9961E-8755-4D3F-BBD7-183525014A71}.Debug|x64.Build.0 = Debug|x64
		{B1D9961E-8755-4D3F-BBD7-183525014A71}.Debug|x86.ActiveCfg = Debug|Win32
		{B1D9961E-8755-4D3F-BBD7-183525014A71}.Debug|x86.Build.0 = Debug|Win32
		{B1D9961E-8755-4D3F-BBD7-183525014A71}.Release|x64.ActiveCfg = Release|x64
		{B1D9961E-8755-4D3F-BBD7-183525014A71}.Release|x64.Build.0 = Release|x64
		{B1D9961E-8755-4D3F-BBD7-183525014A71}.Release|x86.ActiveCfg = Release|Win32
		{B1D9961E-8755-4D3F-BBD7-183525014A71}.Release|x86.Build.0 = Release|Win32
		{D1CAF850-2217-4849-9934-4E41605B844C}.Debug|x64.ActiveCfg = Debug|x64
		{D1CAF850-2217-4849-9934-4E41605B844C}.Debug|x64.Build.0 = Debug|x64
		{D1CAF850-2217-4849-9934-4E41605B844C}.Debug|x86.ActiveCfg = Debug|Win32
		{D1CAF850-2217-4849-9934-4E41605B844C}.Debug|x86.Build.0 = Debug|Win32
		{D1CAF850-2217-4849-9934-4E41605B844C}.Release|x64.ActiveCfg = Release|x64
		{D1CAF850-2217-4849-9934-4E41605B844C}.Release|x64.Build.0 = Release|x64
		{D1CAF850-2217-4849-9934-4E41605B844C}.Release|x86.ActiveCfg = Release|Win32
		{D1CAF850-2217-4849-9934-4E41605B844C}.Release|x86.Build.0 = Release|Win32
		{26EB9B10-4F7E-438D-9A00-DE643C380E6E}.Debug|x64.ActiveCfg = Debug|x64
		{26EB9B10-4F7E-438D-9A00-DE643C380E6E}.Debug|x64.Build.0 = Debug|x64
		{26EB9B10-4F7E-438D-9A00-DE643C380E6E}.Debug|x86.ActiveCfg = Debug|Win32
		{26EB9B10-4F7E-438D-9A00-DE643C380E6E}.Debug|x86.Build.0 = Debug|Win32
		{26EB9B10-4F7E-438D-9A00-DE643C380E6E}.Release|x64.ActiveCfg = Release|x64
		{26EB9B10-4F7E-438D-9A00-DE643C380E6E}.Release|x64.Build.0 = Release|x64
		{26EB9B10-4F7E-438D-9A00-DE643C380E6E}.Release|x86.ActiveCfg = Release|Win32
		{26EB9B10-4F7E-438D-9A00-DE643C380E6E}.Release|x86.Build.0 = Release|Win32
		{5A82C4C7-257D-446B-8C07-204CDAFF3ADA}.Debug|x64.ActiveCfg = Debug|x64
		{5A82C4C7-257D-446B-8C07-204CDAFF3ADA}.Debug|x64.Build.0 = Debug|x64
		{5A82C4C7-257D-446B-8C07-204CDAFF3ADA}.Debug|x86.ActiveCfg = Debug|Win32
		{5A82C4C7-257D-446B-8C07-204CDAFF3ADA}.Debug|x86.Build.0 = Debug|Win32
		{5A82C4C7-257D-446B-8C07-204CDAFF3ADA}.Release|x64.ActiveCfg = Release|x64
		{5A82C4C7-257D-446B-8C07-204CDAFF3ADA}.Release|x64.Build.0 = Release|x64
		{5A82C4C7-257D-446B-8C07-204CDAFF3ADA}.Release|x86.ActiveCfg = Release|Win32
		{5A82C4C7-257D-446B-8C07-204CDAFF3ADA}.Release|x86.Build.0 = Release|Win32
		{05B7C1EA-841D-4189-9445-5E18BEF15EE4}.Debug|x64.ActiveCfg = Debug|x64
		{05B7C1EA-841D-4189-9445-5E18BEF15EE4}.Debug|x64.Build.0 = Debug|x64
		{05B7C1EA-841D-4189-9445-5E18BEF15EE4}.Debug|x86.ActiveCfg = Debug|Win32
		{05B7C1EA-841D-4189-9445-5E18BEF15EE4}.Debug|x86.Build.0 = Debug|Win32
		{05B7C1EA-841D-4189-9445-5E18BEF15EE4}.Release|x64.ActiveCfg = Release|x64
		{05B7C1EA-841D-4189-9445-5E18BEF15EE4}.Release|x64.Build.0 = Release|x64
		{05B7C1EA-841D-4189-9445-5E18BEF15EE4}.Release|x86.ActiveCfg = Release|Win32
		{05B7C1EA-841D-4189-9445-5E18BEF15EE4}.Release|x86.Build.0 = Release|Win32
		{06D63A37-6812-4BBB-8AF3-FBE01D681F64}.Debug|x64.ActiveCfg = Debug|x64
		{06D63A37-6812-4BBB-8AF3-FBE01D681F64}.Debug|x64.Build.0 = Debug|x64
		{06D63A37-6812-4BBB-8AF3-FBE01D681F64}.Debug|x86.ActiveCfg = Debug|Win32
		{06D63A37-6812-4BBB-8AF3-FBE01D681F64}.Debug|x86.Build.0 = Debug|Win32
		{06D63A37-6812-4BBB-8AF3-FBE01D681F64}.Release|x64.ActiveCfg = Release|x64
		{06D63A37-6812-4BBB-8AF3-FBE01D681F64}.Release|x64.Build.0 = Release|x64
		{06D63A37-6812-4BBB-8AF3-FBE01D681F64}.Release|x86.ActiveCfg = Release|Win32
		{06D63A37-6812-4BBB-8AF3-FBE01D681F64}.Release|x86.Build.0 = Release|Win32
		{B744F51C-16F7-4B8F-9282-8066AA535EDA}.Debug|x64.ActiveCfg = Debug|x64
		{B744F51C-16F7-4B8F-9282-8066AA535EDA}.Debug|x64.Build.0 = Debug|x64
		{B744F51C-16F7-4B8F-9282-8066AA535EDA}.Debug|x86.ActiveCfg = Debug|Win32
		{B744F51C-16F7-4B8F-9282-8066AA535EDA}.Debug|x86.Build.0 = Debug|Win32
		{B744F51C-16F7-4B8F-9282-8066AA535EDA}.Release|x64.ActiveCfg = Release|x64
		{B744F51C-16F7-4B8F-9282-8066AA535EDA}.Release|x64.Build.0 = Release|x64
		{B744F51C-16F7-4B8F-9282-8066AA535EDA}.Release|x86.ActiveCfg = Release|Win32
		{B744F51C-16F7-4B8F-9282-8066AA535EDA}.Release|x86.Build.0 = Release|Win32
		{5938CC8D-9395-46B8-BBF1-70654CE53D7E}.Debug|x64.ActiveCfg = Debug|x64
		{5938CC8D-9395-46B8-BBF1-70654CE53D7E}.Debug|x64.Build.0 = Debug|x64
		{5938CC8D-9395-46B8-BBF1-70654CE53D7E}.Debug|x86.ActiveCfg = Debug|Win32
		{5938CC8D-9395-46B8-BBF1-70654CE53D7E}.Debug|x86.Build.0 = Debug|Win32
		{5938CC8D-9395-46B8-BBF1-70654CE53D7E}.Release|x64.ActiveCfg = Release|x64
		{5938CC8D-9395-46B8-BBF1-70654CE53D7E}.Release|x64.Build.0 = Release|x64
		{5938CC8D-9395-46B8-BBF1-70654CE53D7E}.Release|x86.ActiveCfg = Release|Win32
		{5938CC8D-9395-46B8-BBF1-70654CE53D7E}.Release|x86.Build.0 = Release|Win32
		{0D00D14C-82C8-46EC-AE92-C0FA69C082CA}.Debug|x64.ActiveCfg = Debug|x64
		{0D00D14C-82C8-46EC-AE92-C0FA69C082CA}.Debug|x64.Build.0 = Debug|x64
		{0D00D14C-82C8-46EC-AE92-C0FA69C082CA}.Debug|x86.ActiveCfg = Debug|Win32
		{0D00D14C-82C8-46EC-AE92-C0FA69C082CA}.Debug|x86.Build.0 = Debug|Win32
		{0D00D14C-82C8-46EC-AE92-C0FA69C082CA}.Release|x64.ActiveCfg = Release|x64
		{0D00D14C-82C8-46EC-AE92-C0FA69C082CA}.Release|x64.Build.0 = Release|x64
		{0D00D14C-82C8-46EC-AE92-C0FA69C082CA}.Release|x86.ActiveCfg = Release|Win32
		{0D00D14C-82C8-46EC-AE92-C0FA69C082CA}.Release|x86.Build.0 = Release|Win32
		{0C9C5745-BC50-4CCB-B084-70A211E47F02}.Debug|x64.ActiveCfg = Debug|x64
		{0C9C5745-BC50-4CCB-B084-70A211E47F02}.Debug|x64.Build.0 = Debug|x64
		{0C9C5745-BC50-4CCB-B084-70A211E47F02}.Debug|x86.ActiveCfg = Debug|Win32
		{0C9C5745-BC50-4CCB-B084-70A211E47F02}.Debug|x86.Build.0 = Debug|Win32
		{0C9C5745-BC50-4CCB-B084-70A211E47F02}.Release|x64.ActiveCfg = Release|x64
		{0C9C5745-BC50-4CCB-B084-70A211E47F02}.Release|x64.Build.0 = Release|x64
		{0C9C5745-BC50-4CCB-B084-70A211E47F02}.Release|x86.ActiveCfg = Release|Win32
		{0C9C5745-BC50-4CCB-B084-70A211E47F02}.Release|x86.Build.0 = Release|Win32
		{7499F5D2-775B-4639-9538-8422B422E8E6}.Debug|x64.ActiveCfg = Debug|x64
		{7499F5D2-775B-4639-9538-8422B422E8E6}.Debug|x64.Build.0 = Debug|x64
		{7499F5D2-775B-4639-9538-8422B422E8E6}.Debug|x86.ActiveCfg = Debug|Win32
		{7499F5D2-775B-4639-9538-8422B422E8E6}.Debug|x86.Build.0 = Debug|Win32
		{7499F5D2-775B-4639-9538-8422B422E8E6}.Release|x64.ActiveCfg = Release|x64
		{7499F5D2-775B-4639-9538-8422B422E8E6}.Release|x64.Build.0 = Release|x64
		{7499F5D2-775B-4639-9538-8422B422E8E6}.Release|x86.ActiveCfg = Release|Win32
		{7499F5D2-775B-4639-9538-8422B422E8E6}.Release|x86.Build.0 = Release|Win32
		{F1A9E07A-B218-45B5-BCD8-37DB4AB57158}.Debug|x64.ActiveCfg = Debug|x64
		{F1A9E07A-B218-45B5-BCD8-37DB4AB57158}.Debug|x64.Build.0 = Debug|x64
		{F1A9E07A-B218-45B5-BCD8-37DB4AB57158}.Debug|x86.ActiveCfg = Debug|Win32
		{F1A9E07A-B218-45B5-BCD8-37DB4AB57158}.Debug|x86.Build.0 = Debug|Win32
		{F1A9E07A-B218-45B5-BCD8-37DB4AB57158}.Release|x64.ActiveCfg = Release|x64
		{F1A9E07A-B218-45B5-BCD8-37DB4AB57158}.Release|x64.Build.0 = Release|x64
		{F1A9E07A-B218-45B5-BCD8-37DB4AB57158}.Release|x86.ActiveCfg = Release|Win32
		{F1A9E07A-B218-45B5-BCD8-37DB4AB57158}.Release|x86.Build.0 = Release|Win32
		{ACD42A26-6E32-4139-957C-26D959D7ED97}.Debug|x64.ActiveCfg = Debug|x64
		{ACD42A26-6E32-4139-957C-26D959D7ED97}.Debug|x64.Build.0 = Debug|x64
		{ACD42A26-6E32-4139-957C-26D959D7ED97}.Debug|x86.ActiveCfg = Debug|Win32
		{ACD42A26-6E32-4139-957C-26D959D7ED97}.Debug|x86.Build.0 = Debug|Win32
		{ACD42A26-6E32-4139-957C-26D959D7ED97}.Release|x64.ActiveCfg = Release|x64
		{ACD42A26-6E32-4139-957C-26D959D7ED97}.Release|x64.Build.0 = Release|x64
		{ACD42A26-6E32-4139-957C-26D959D7ED97}.Release|x86.ActiveCfg = Release|Win32
		{ACD42A26-6E32-4139-957C-26D959D7ED97}.Release|x86.Build.0 = Release|Win32
		{C7C36950-F63F-40CD-A546-2967369144DD}.Debug|x64.ActiveCfg = Debug|x64
		{C7C36950-F63F-40CD-A546-2967369144DD}.Debug|x64.Build.0 = Debug|x64
		{C7C36950-F63F-40CD-A546-2967369144DD}.Debug|x86.ActiveCfg = Debug|Win32
		{C7C36950-F63F-40CD-A546-2967369144DD}.Debug|x86.Build.0 = Debug|Win32
		{C7C36950-F63F-40CD-A546-2967369144DD}.Release|x64.ActiveCfg = Release|x64
		{C7C36950-F63F-40CD-A546-2967369144DD}.Release|x64.Build.0 = Release|x64
		{C7C36950-F63F-40CD-A546-2967369144DD}.Release|x86.ActiveCfg = Release|Win32
		{C7C36950-F63F-40CD-A546-2967369144DD}.Release|x86.Build.0 = Release|Win32
		{FFAB3EF6-FD0D-4F05-96CA-4931F48F4E88}.Debug|x64.ActiveCfg = Debug|x64
		{FFAB3EF6-FD0D-4F05-96CA-4931F48F4E88}.Debug|x64.Build.0 = Debug|x64
		{FFAB3EF6-FD0D-4F05-96CA-4931F48F4E88}.Debug|x86.ActiveCfg = Debug|Win32
		{FFAB3EF6-FD0D-4F05-96CA-4931F48F4E88}.Debug|x86.Build.0 = Debug|Win32
		{FFAB3EF6-FD0D-4F05-96CA-4931F48F4E88}.Release|x64.ActiveCfg = Release|x64
		{FFAB3EF6-FD0D-4F05-96CA-4931F48F4E88}.Release|x64.Build.0 = Release|x64
		{FFAB3EF6-FD0D-4F05-96CA-4931F48F4E88}.Release|x86.ActiveCfg = Release|Win32
		{FFAB3EF6-FD0D-4F05-96CA-4931F48F4E88}.Release|x86.Build.0 = Release|Win32
	EndGlobalSection
	GlobalSection(SolutionProperties) = preSolution
		HideSolutionNode = FALSE
	EndGlobalSection
	GlobalSection(NestedProjects) = preSolution
		{B1D9961E-8755-4D3F-BBD7-183525014A71} = {16464A41-86BB-407E-B5EA-4A2F264FB19B}
		{D1CAF850-2217-4849-9934-4E41605B844C} = {16464A41-86BB-407E-B5EA-4A2F264FB19B}
		{26EB9B10-4F7E-438D-9A00-DE643C380E6E} = {16464A41-86BB-407E-B5EA-4A2F264FB19B}
		{5A82C4C7-257D-446B-8C07-204CDAFF3ADA} = {16464A41-86BB-407E-B5EA-4A2F264FB19B}
		{05B7C1EA-841D-4189-9445-5E18BEF15EE4} = {16464A41-86BB-407E-B5EA-4A2F264FB19B}
		{06D63A37-6812-4BBB-8AF3-FBE01D681F64} = {16464A41-86BB-407E-B5EA-4A2F264FB19B}
		{B744F51C-16F7-4B8F-9282-8066AA535EDA} = {50F0E29C-2D26-4DEE-AB19-ED442E7891BF}
		{5938CC8D-9395-46B8-BBF1-70654CE53D7E} = {50F0E29C-2D26-4DEE-AB19-ED442E7891BF}
		{0D00D14C-82C8-46EC-AE92-C0FA69C082CA} = {2E555A94-CB95-4DB8-98C9-6E3A72545330}
		{0C9C5745-BC50-4CCB-B084-70A211E47F02} = {6FDEB8D9-7C92-4911-B132-57000EF2A0C4}
		{7499F5D2-775B-4639-9538-8422B422E8E6} = {A2405E12-B754-46F3-8D5A-7EA28FFD8E98}
		{F1A9E07A-B218-45B5-BCD8-37DB4AB57158} = {A2405E12-B754-46F3-8D5A-7EA28FFD8E98}
		{ACD42A26-6E32-4139-957C-26D959D7ED97} = {6FDEB8D9-7C92-4911-B132-57000EF2A0C4}
		{C7C36950-F63F-40CD-A546-2967369144DD} = {16464A41-86BB-407E-B5EA-4A2F264FB19B}
		{FFAB3EF6-FD0D-4F05-96CA-4931F48F4E88} = {A2405E12-B754-46F3-8D5A-7EA28FFD8E98}
	EndGlobalSection
	GlobalSection(ExtensibilityGlobals) = postSolution
		SolutionGuid = {4326F882-0F15-46E7-A51E-5EFE07CBBEF8}
	EndGlobalSection
EndGlobal
